// !$*UTF8*$!
{
	archiveVersion = 1;
	classes = {
	};
	objectVersion = 71;
	objects = {

/* Begin PBXContainerItemProxy section */
		320EEAE42EAA821600E3310D /* PBXContainerItemProxy */ = {
			isa = PBXContainerItemProxy;
			containerPortal = A1000036000000000000001 /* Project object */;
			proxyType = 1;
			remoteGlobalIDString = 320EEAD42EAA821400E3310D;
			remoteInfo = FIFAScheduleBuilder;
		};
		320EEAEE2EAA821600E3310D /* PBXContainerItemProxy */ = {
			isa = PBXContainerItemProxy;
			containerPortal = A1000036000000000000001 /* Project object */;
			proxyType = 1;
			remoteGlobalIDString = 320EEAD42EAA821400E3310D;
			remoteInfo = FIFAScheduleBuilder;
		};
/* End PBXContainerItemProxy section */

/* Begin PBXFileReference section */
		320EE9452EA9B44000E3310D /* MatchModels.swift */ = {isa = PBXFileReference; lastKnownFileType = sourcecode.swift; path = MatchModels.swift; sourceTree = "<group>"; };
		320EE9482EA9B44000E3310D /* Analytics.swift */ = {isa = PBXFileReference; lastKnownFileType = sourcecode.swift; path = Analytics.swift; sourceTree = "<group>"; };
		320EE9492EA9B44000E3310D /* League.swift */ = {isa = PBXFileReference; lastKnownFileType = sourcecode.swift; path = League.swift; sourceTree = "<group>"; };
		320EE94A2EA9B44000E3310D /* OldMatch.swift.backup */ = {isa = PBXFileReference; lastKnownFileType = text; path = OldMatch.swift.backup; sourceTree = "<group>"; };
		320EE94B2EA9B44000E3310D /* Player.swift */ = {isa = PBXFileReference; lastKnownFileType = sourcecode.swift; path = Player.swift; sourceTree = "<group>"; };
		320EE94C2EA9B44000E3310D /* Standing.swift */ = {isa = PBXFileReference; lastKnownFileType = sourcecode.swift; path = Standing.swift; sourceTree = "<group>"; };
		320EE94D2EA9B44000E3310D /* System.swift */ = {isa = PBXFileReference; lastKnownFileType = sourcecode.swift; path = System.swift; sourceTree = "<group>"; };
		320EE94E2EA9B44000E3310D /* Team.swift */ = {isa = PBXFileReference; lastKnownFileType = sourcecode.swift; path = Team.swift; sourceTree = "<group>"; };
		320EE94F2EA9B44000E3310D /* User.swift */ = {isa = PBXFileReference; lastKnownFileType = sourcecode.swift; path = User.swift; sourceTree = "<group>"; };
		320EE9502EA9B44000E3310D /* Workout.swift */ = {isa = PBXFileReference; lastKnownFileType = sourcecode.swift; path = Workout.swift; sourceTree = "<group>"; };
		320EE9512EA9B44000E3310D /* WorkoutManager.swift */ = {isa = PBXFileReference; lastKnownFileType = sourcecode.swift; path = WorkoutManager.swift; sourceTree = "<group>"; };
		320EE9532EA9B44000E3310D /* MatchCacheService.swift */ = {isa = PBXFileReference; lastKnownFileType = sourcecode.swift; path = MatchCacheService.swift; sourceTree = "<group>"; };
		320EE9542EA9B44000E3310D /* MatchService.swift */ = {isa = PBXFileReference; lastKnownFileType = sourcecode.swift; path = MatchService.swift; sourceTree = "<group>"; };
		320EE9552EA9B44000E3310D /* MatchServiceTests.swift */ = {isa = PBXFileReference; lastKnownFileType = sourcecode.swift; path = MatchServiceTests.swift; sourceTree = "<group>"; };
		320EE9572EA9B44000E3310D /* APIEndpoint.swift */ = {isa = PBXFileReference; lastKnownFileType = sourcecode.swift; path = APIEndpoint.swift; sourceTree = "<group>"; };
		320EE9582EA9B44000E3310D /* NetworkAPIService.swift */ = {isa = PBXFileReference; lastKnownFileType = sourcecode.swift; path = NetworkAPIService.swift; sourceTree = "<group>"; };
		320EE95B2EA9B44000E3310D /* APIConfiguration.swift */ = {isa = PBXFileReference; lastKnownFileType = sourcecode.swift; path = APIConfiguration.swift; sourceTree = "<group>"; };
		320EE95C2EA9B44000E3310D /* APIService.swift */ = {isa = PBXFileReference; lastKnownFileType = sourcecode.swift; path = APIService.swift; sourceTree = "<group>"; };
		320EE95D2EA9B44000E3310D /* CacheService.swift */ = {isa = PBXFileReference; lastKnownFileType = sourcecode.swift; path = CacheService.swift; sourceTree = "<group>"; };
		320EE95E2EA9B44000E3310D /* DataRepository.swift */ = {isa = PBXFileReference; lastKnownFileType = sourcecode.swift; path = DataRepository.swift; sourceTree = "<group>"; };
		320EE9602EA9B44000E3310D /* DateHelper.swift */ = {isa = PBXFileReference; lastKnownFileType = sourcecode.swift; path = DateHelper.swift; sourceTree = "<group>"; };
		320EE9622EA9B44000E3310D /* AnalyticsDashboardViewModel.swift */ = {isa = PBXFileReference; lastKnownFileType = sourcecode.swift; path = AnalyticsDashboardViewModel.swift; sourceTree = "<group>"; };
		320EE9632EA9B44000E3310D /* APIStatusViewModel.swift */ = {isa = PBXFileReference; lastKnownFileType = sourcecode.swift; path = APIStatusViewModel.swift; sourceTree = "<group>"; };
		320EE9642EA9B44000E3310D /* DatabaseHealthViewModel.swift */ = {isa = PBXFileReference; lastKnownFileType = sourcecode.swift; path = DatabaseHealthViewModel.swift; sourceTree = "<group>"; };
		320EE9652EA9B44000E3310D /* FavoritesViewModel.swift */ = {isa = PBXFileReference; lastKnownFileType = sourcecode.swift; path = FavoritesViewModel.swift; sourceTree = "<group>"; };
		320EE9662EA9B44000E3310D /* HomeDashboardViewModel.swift */ = {isa = PBXFileReference; lastKnownFileType = sourcecode.swift; path = HomeDashboardViewModel.swift; sourceTree = "<group>"; };
		320EE9672EA9B44000E3310D /* LeaguesViewModel.swift */ = {isa = PBXFileReference; lastKnownFileType = sourcecode.swift; path = LeaguesViewModel.swift; sourceTree = "<group>"; };
		320EE9682EA9B44000E3310D /* LiveMatchesViewModel.swift */ = {isa = PBXFileReference; lastKnownFileType = sourcecode.swift; path = LiveMatchesViewModel.swift; sourceTree = "<group>"; };
		320EE9692EA9B44000E3310D /* MatchDetailViewModel.swift */ = {isa = PBXFileReference; lastKnownFileType = sourcecode.swift; path = MatchDetailViewModel.swift; sourceTree = "<group>"; };
		320EE96A2EA9B44000E3310D /* MatchesExplorerViewModel.swift */ = {isa = PBXFileReference; lastKnownFileType = sourcecode.swift; path = MatchesExplorerViewModel.swift; sourceTree = "<group>"; };
		320EE96B2EA9B44000E3310D /* MatchesViewModel.swift */ = {isa = PBXFileReference; lastKnownFileType = sourcecode.swift; path = MatchesViewModel.swift; sourceTree = "<group>"; };
		320EE96C2EA9B44000E3310D /* MatchLibraryViewModel.swift */ = {isa = PBXFileReference; lastKnownFileType = sourcecode.swift; path = MatchLibraryViewModel.swift; sourceTree = "<group>"; };
		320EE96D2EA9B44000E3310D /* NotificationPreferencesViewModel.swift */ = {isa = PBXFileReference; lastKnownFileType = sourcecode.swift; path = NotificationPreferencesViewModel.swift; sourceTree = "<group>"; };
		320EE96E2EA9B44000E3310D /* PastMatchesViewModel.swift */ = {isa = PBXFileReference; lastKnownFileType = sourcecode.swift; path = PastMatchesViewModel.swift; sourceTree = "<group>"; };
		320EE96F2EA9B44000E3310D /* RecommendationViewModel.swift */ = {isa = PBXFileReference; lastKnownFileType = sourcecode.swift; path = RecommendationViewModel.swift; sourceTree = "<group>"; };
		320EE9702EA9B44000E3310D /* SettingsViewModel.swift */ = {isa = PBXFileReference; lastKnownFileType = sourcecode.swift; path = SettingsViewModel.swift; sourceTree = "<group>"; };
		320EE9712EA9B44000E3310D /* SyncControlViewModel.swift */ = {isa = PBXFileReference; lastKnownFileType = sourcecode.swift; path = SyncControlViewModel.swift; sourceTree = "<group>"; };
		320EE9722EA9B44000E3310D /* TeamsViewModel.swift */ = {isa = PBXFileReference; lastKnownFileType = sourcecode.swift; path = TeamsViewModel.swift; sourceTree = "<group>"; };
		320EE9732EA9B44000E3310D /* UpcomingMatchesViewModel.swift */ = {isa = PBXFileReference; lastKnownFileType = sourcecode.swift; path = UpcomingMatchesViewModel.swift; sourceTree = "<group>"; };
		320EE9742EA9B44000E3310D /* UserProfileViewModel.swift */ = {isa = PBXFileReference; lastKnownFileType = sourcecode.swift; path = UserProfileViewModel.swift; sourceTree = "<group>"; };
		320EE9762EA9B44000E3310D /* HelperViews.swift */ = {isa = PBXFileReference; lastKnownFileType = sourcecode.swift; path = HelperViews.swift; sourceTree = "<group>"; };
		320EE9772EA9B44000E3310D /* MatchCard.swift */ = {isa = PBXFileReference; lastKnownFileType = sourcecode.swift; path = MatchCard.swift; sourceTree = "<group>"; };
		320EE9792EA9B44000E3310D /* AnalyticsDashboardView.swift */ = {isa = PBXFileReference; lastKnownFileType = sourcecode.swift; path = AnalyticsDashboardView.swift; sourceTree = "<group>"; };
		320EE97A2EA9B44000E3310D /* DiscoverTabView.swift */ = {isa = PBXFileReference; lastKnownFileType = sourcecode.swift; path = DiscoverTabView.swift; sourceTree = "<group>"; };
		320EE97B2EA9B44000E3310D /* RecommendationAssistantView.swift */ = {isa = PBXFileReference; lastKnownFileType = sourcecode.swift; path = RecommendationAssistantView.swift; sourceTree = "<group>"; };
		320EE97D2EA9B44000E3310D /* HomeDashboardView.swift */ = {isa = PBXFileReference; lastKnownFileType = sourcecode.swift; path = HomeDashboardView.swift; sourceTree = "<group>"; };
		320EE97E2EA9B44000E3310D /* MatchDetailView.swift */ = {isa = PBXFileReference; lastKnownFileType = sourcecode.swift; path = MatchDetailView.swift; sourceTree = "<group>"; };
		320EE97F2EA9B44000E3310D /* MatchesExplorerView.swift */ = {isa = PBXFileReference; lastKnownFileType = sourcecode.swift; path = MatchesExplorerView.swift; sourceTree = "<group>"; };
		320EE9802EA9B44000E3310D /* MatchesTabView.swift */ = {isa = PBXFileReference; lastKnownFileType = sourcecode.swift; path = MatchesTabView.swift; sourceTree = "<group>"; };
		320EE9812EA9B44000E3310D /* ReminderSetupView.swift */ = {isa = PBXFileReference; lastKnownFileType = sourcecode.swift; path = ReminderSetupView.swift; sourceTree = "<group>"; };
		320EE9832EA9B44000E3310D /* LiveMatchesView.swift */ = {isa = PBXFileReference; lastKnownFileType = sourcecode.swift; path = LiveMatchesView.swift; sourceTree = "<group>"; };
		320EE9842EA9B44000E3310D /* MatchLibraryView.swift */ = {isa = PBXFileReference; lastKnownFileType = sourcecode.swift; path = MatchLibraryView.swift; sourceTree = "<group>"; };
		320EE9852EA9B44000E3310D /* PastMatchesView.swift */ = {isa = PBXFileReference; lastKnownFileType = sourcecode.swift; path = PastMatchesView.swift; sourceTree = "<group>"; };
		320EE9862EA9B44000E3310D /* UpcomingMatchesView.swift */ = {isa = PBXFileReference; lastKnownFileType = sourcecode.swift; path = UpcomingMatchesView.swift; sourceTree = "<group>"; };
		320EE9882EA9B44000E3310D /* FavoritesView.swift */ = {isa = PBXFileReference; lastKnownFileType = sourcecode.swift; path = FavoritesView.swift; sourceTree = "<group>"; };
		320EE9892EA9B44000E3310D /* NotificationPreferencesView.swift */ = {isa = PBXFileReference; lastKnownFileType = sourcecode.swift; path = NotificationPreferencesView.swift; sourceTree = "<group>"; };
		320EE98A2EA9B44000E3310D /* ProfileTabView.swift */ = {isa = PBXFileReference; lastKnownFileType = sourcecode.swift; path = ProfileTabView.swift; sourceTree = "<group>"; };
		320EE98B2EA9B44000E3310D /* SettingsView.swift */ = {isa = PBXFileReference; lastKnownFileType = sourcecode.swift; path = SettingsView.swift; sourceTree = "<group>"; };
		320EE98C2EA9B44000E3310D /* UserProfileView.swift */ = {isa = PBXFileReference; lastKnownFileType = sourcecode.swift; path = UserProfileView.swift; sourceTree = "<group>"; };
		320EE98E2EA9B44000E3310D /* APIStatusView.swift */ = {isa = PBXFileReference; lastKnownFileType = sourcecode.swift; path = APIStatusView.swift; sourceTree = "<group>"; };
		320EE98F2EA9B44000E3310D /* DatabaseHealthView.swift */ = {isa = PBXFileReference; lastKnownFileType = sourcecode.swift; path = DatabaseHealthView.swift; sourceTree = "<group>"; };
		320EE9902EA9B44000E3310D /* SyncControlView.swift */ = {isa = PBXFileReference; lastKnownFileType = sourcecode.swift; path = SyncControlView.swift; sourceTree = "<group>"; };
		320EE9912EA9B44000E3310D /* SystemTabView.swift */ = {isa = PBXFileReference; lastKnownFileType = sourcecode.swift; path = SystemTabView.swift; sourceTree = "<group>"; };
		320EE9932EA9B44000E3310D /* ActiveWorkoutView.swift */ = {isa = PBXFileReference; lastKnownFileType = sourcecode.swift; path = ActiveWorkoutView.swift; sourceTree = "<group>"; };
		320EE9942EA9B44000E3310D /* AddWorkoutView.swift */ = {isa = PBXFileReference; lastKnownFileType = sourcecode.swift; path = AddWorkoutView.swift; sourceTree = "<group>"; };
		320EE9952EA9B44000E3310D /* ContentView.swift */ = {isa = PBXFileReference; lastKnownFileType = sourcecode.swift; path = ContentView.swift; sourceTree = "<group>"; };
		320EE9962EA9B44000E3310D /* FavoritesView.swift */ = {isa = PBXFileReference; lastKnownFileType = sourcecode.swift; path = FavoritesView.swift; sourceTree = "<group>"; };
		320EE9972EA9B44000E3310D /* HomeView.swift */ = {isa = PBXFileReference; lastKnownFileType = sourcecode.swift; path = HomeView.swift; sourceTree = "<group>"; };
		320EE9982EA9B44000E3310D /* LeaguesView.swift */ = {isa = PBXFileReference; lastKnownFileType = sourcecode.swift; path = LeaguesView.swift; sourceTree = "<group>"; };
		320EE9992EA9B44000E3310D /* MatchesView.swift */ = {isa = PBXFileReference; lastKnownFileType = sourcecode.swift; path = MatchesView.swift; sourceTree = "<group>"; };
		320EE99A2EA9B44000E3310D /* SettingsView.swift */ = {isa = PBXFileReference; lastKnownFileType = sourcecode.swift; path = SettingsView.swift; sourceTree = "<group>"; };
		320EE99B2EA9B44000E3310D /* SportPickerView.swift */ = {isa = PBXFileReference; lastKnownFileType = sourcecode.swift; path = SportPickerView.swift; sourceTree = "<group>"; };
		320EE99C2EA9B44000E3310D /* StatisticsView.swift */ = {isa = PBXFileReference; lastKnownFileType = sourcecode.swift; path = StatisticsView.swift; sourceTree = "<group>"; };
		320EE99D2EA9B44000E3310D /* WorkoutDetailView.swift */ = {isa = PBXFileReference; lastKnownFileType = sourcecode.swift; path = WorkoutDetailView.swift; sourceTree = "<group>"; };
		320EE99E2EA9B44000E3310D /* WorkoutHistoryView.swift */ = {isa = PBXFileReference; lastKnownFileType = sourcecode.swift; path = WorkoutHistoryView.swift; sourceTree = "<group>"; };
		320EE9A22EA9B44000E3310D /* PlaceholderScreens.swift */ = {isa = PBXFileReference; lastKnownFileType = sourcecode.swift; path = PlaceholderScreens.swift; sourceTree = "<group>"; };
		320EE9A52EA9B44000E3310D /* WindsurfConnectionTest.swift */ = {isa = PBXFileReference; lastKnownFileType = sourcecode.swift; path = WindsurfConnectionTest.swift; sourceTree = "<group>"; };
		320EEAD52EAA821400E3310D /* FIFAScheduleBuilder.app */ = {isa = PBXFileReference; explicitFileType = wrapper.application; includeInIndex = 0; path = FIFAScheduleBuilder.app; sourceTree = BUILT_PRODUCTS_DIR; };
		320EEAE32EAA821600E3310D /* FIFAScheduleBuilderTests.xctest */ = {isa = PBXFileReference; explicitFileType = wrapper.cfbundle; includeInIndex = 0; path = FIFAScheduleBuilderTests.xctest; sourceTree = BUILT_PRODUCTS_DIR; };
		320EEAED2EAA821600E3310D /* FIFAScheduleBuilderUITests.xctest */ = {isa = PBXFileReference; explicitFileType = wrapper.cfbundle; includeInIndex = 0; path = FIFAScheduleBuilderUITests.xctest; sourceTree = BUILT_PRODUCTS_DIR; };
		32F737C02ECD3AD700BA76D5 /* Info.plist */ = {isa = PBXFileReference; lastKnownFileType = text.plist; path = Info.plist; sourceTree = "<group>"; };
/* End PBXFileReference section */

/* Begin PBXFileSystemSynchronizedBuildFileExceptionSet section */
		325B976C2ED6480E0082917D /* PBXFileSystemSynchronizedBuildFileExceptionSet */ = {
			isa = PBXFileSystemSynchronizedBuildFileExceptionSet;
			membershipExceptions = (
				Info.plist,
			);
			target = 320EEAD42EAA821400E3310D /* FIFAScheduleBuilder */;
		};
/* End PBXFileSystemSynchronizedBuildFileExceptionSet section */

/* Begin PBXFileSystemSynchronizedRootGroup section */
		320EEAD62EAA821400E3310D /* FIFAScheduleBuilder */ = {isa = PBXFileSystemSynchronizedRootGroup; exceptions = (325B976C2ED6480E0082917D /* PBXFileSystemSynchronizedBuildFileExceptionSet */, ); explicitFileTypes = {}; explicitFolders = (); path = FIFAScheduleBuilder; sourceTree = "<group>"; };
		320EEAE62EAA821600E3310D /* FIFAScheduleBuilderTests */ = {isa = PBXFileSystemSynchronizedRootGroup; explicitFileTypes = {}; explicitFolders = (); path = FIFAScheduleBuilderTests; sourceTree = "<group>"; };
		320EEAF02EAA821600E3310D /* FIFAScheduleBuilderUITests */ = {isa = PBXFileSystemSynchronizedRootGroup; explicitFileTypes = {}; explicitFolders = (); path = FIFAScheduleBuilderUITests; sourceTree = "<group>"; };
/* End PBXFileSystemSynchronizedRootGroup section */

/* Begin PBXFrameworksBuildPhase section */
		320EEAD22EAA821400E3310D /* Frameworks */ = {
			isa = PBXFrameworksBuildPhase;
			buildActionMask = 2147483647;
			files = (
			);
			runOnlyForDeploymentPostprocessing = 0;
		};
		320EEAE02EAA821600E3310D /* Frameworks */ = {
			isa = PBXFrameworksBuildPhase;
			buildActionMask = 2147483647;
			files = (
			);
			runOnlyForDeploymentPostprocessing = 0;
		};
		320EEAEA2EAA821600E3310D /* Frameworks */ = {
			isa = PBXFrameworksBuildPhase;
			buildActionMask = 2147483647;
			files = (
			);
			runOnlyForDeploymentPostprocessing = 0;
		};
/* End PBXFrameworksBuildPhase section */

/* Begin PBXGroup section */
		320EE9442EA9B44000E3310D /* Competition */ = {
			isa = PBXGroup;
			children = (
			);
			path = Competition;
			sourceTree = "<group>";
		};
		320EE9462EA9B44000E3310D /* Match */ = {
			isa = PBXGroup;
			children = (
				320EE9452EA9B44000E3310D /* MatchModels.swift */,
			);
			path = Match;
			sourceTree = "<group>";
		};
		320EE9472EA9B44000E3310D /* Team */ = {
			isa = PBXGroup;
			children = (
			);
			path = Team;
			sourceTree = "<group>";
		};
		320EE9522EA9B44000E3310D /* Models */ = {
			isa = PBXGroup;
			children = (
				320EE9442EA9B44000E3310D /* Competition */,
				320EE9462EA9B44000E3310D /* Match */,
				320EE9472EA9B44000E3310D /* Team */,
				320EE9482EA9B44000E3310D /* Analytics.swift */,
				320EE9492EA9B44000E3310D /* League.swift */,
				320EE94A2EA9B44000E3310D /* OldMatch.swift.backup */,
				320EE94B2EA9B44000E3310D /* Player.swift */,
				320EE94C2EA9B44000E3310D /* Standing.swift */,
				320EE94D2EA9B44000E3310D /* System.swift */,
				320EE94E2EA9B44000E3310D /* Team.swift */,
				320EE94F2EA9B44000E3310D /* User.swift */,
				320EE9502EA9B44000E3310D /* Workout.swift */,
				320EE9512EA9B44000E3310D /* WorkoutManager.swift */,
			);
			path = Models;
			sourceTree = "<group>";
		};
		320EE9562EA9B44000E3310D /* MatchService */ = {
			isa = PBXGroup;
			children = (
				320EE9532EA9B44000E3310D /* MatchCacheService.swift */,
				320EE9542EA9B44000E3310D /* MatchService.swift */,
				320EE9552EA9B44000E3310D /* MatchServiceTests.swift */,
			);
			path = MatchService;
			sourceTree = "<group>";
		};
		320EE9592EA9B44000E3310D /* Network */ = {
			isa = PBXGroup;
			children = (
				320EE9572EA9B44000E3310D /* APIEndpoint.swift */,
				320EE9582EA9B44000E3310D /* NetworkAPIService.swift */,
			);
			path = Network;
			sourceTree = "<group>";
		};
		320EE95A2EA9B44000E3310D /* Storage */ = {
			isa = PBXGroup;
			children = (
			);
			path = Storage;
			sourceTree = "<group>";
		};
		320EE95F2EA9B44000E3310D /* Services */ = {
			isa = PBXGroup;
			children = (
				320EE9562EA9B44000E3310D /* MatchService */,
				320EE9592EA9B44000E3310D /* Network */,
				320EE95A2EA9B44000E3310D /* Storage */,
				320EE95B2EA9B44000E3310D /* APIConfiguration.swift */,
				320EE95C2EA9B44000E3310D /* APIService.swift */,
				320EE95D2EA9B44000E3310D /* CacheService.swift */,
				320EE95E2EA9B44000E3310D /* DataRepository.swift */,
			);
			path = Services;
			sourceTree = "<group>";
		};
		320EE9612EA9B44000E3310D /* Utilities */ = {
			isa = PBXGroup;
			children = (
				320EE9602EA9B44000E3310D /* DateHelper.swift */,
			);
			path = Utilities;
			sourceTree = "<group>";
		};
		320EE9752EA9B44000E3310D /* ViewModels */ = {
			isa = PBXGroup;
			children = (
				320EE9622EA9B44000E3310D /* AnalyticsDashboardViewModel.swift */,
				320EE9632EA9B44000E3310D /* APIStatusViewModel.swift */,
				320EE9642EA9B44000E3310D /* DatabaseHealthViewModel.swift */,
				320EE9652EA9B44000E3310D /* FavoritesViewModel.swift */,
				320EE9662EA9B44000E3310D /* HomeDashboardViewModel.swift */,
				320EE9672EA9B44000E3310D /* LeaguesViewModel.swift */,
				320EE9682EA9B44000E3310D /* LiveMatchesViewModel.swift */,
				320EE9692EA9B44000E3310D /* MatchDetailViewModel.swift */,
				320EE96A2EA9B44000E3310D /* MatchesExplorerViewModel.swift */,
				320EE96B2EA9B44000E3310D /* MatchesViewModel.swift */,
				320EE96C2EA9B44000E3310D /* MatchLibraryViewModel.swift */,
				320EE96D2EA9B44000E3310D /* NotificationPreferencesViewModel.swift */,
				320EE96E2EA9B44000E3310D /* PastMatchesViewModel.swift */,
				320EE96F2EA9B44000E3310D /* RecommendationViewModel.swift */,
				320EE9702EA9B44000E3310D /* SettingsViewModel.swift */,
				320EE9712EA9B44000E3310D /* SyncControlViewModel.swift */,
				320EE9722EA9B44000E3310D /* TeamsViewModel.swift */,
				320EE9732EA9B44000E3310D /* UpcomingMatchesViewModel.swift */,
				320EE9742EA9B44000E3310D /* UserProfileViewModel.swift */,
			);
			path = ViewModels;
			sourceTree = "<group>";
		};
		320EE9782EA9B44000E3310D /* Components */ = {
			isa = PBXGroup;
			children = (
				320EE9762EA9B44000E3310D /* HelperViews.swift */,
				320EE9772EA9B44000E3310D /* MatchCard.swift */,
			);
			path = Components;
			sourceTree = "<group>";
		};
		320EE97C2EA9B44000E3310D /* Discover */ = {
			isa = PBXGroup;
			children = (
				320EE9792EA9B44000E3310D /* AnalyticsDashboardView.swift */,
				320EE97A2EA9B44000E3310D /* DiscoverTabView.swift */,
				320EE97B2EA9B44000E3310D /* RecommendationAssistantView.swift */,
			);
			path = Discover;
			sourceTree = "<group>";
		};
		320EE9822EA9B44000E3310D /* Matches */ = {
			isa = PBXGroup;
			children = (
				320EE97D2EA9B44000E3310D /* HomeDashboardView.swift */,
				320EE97E2EA9B44000E3310D /* MatchDetailView.swift */,
				320EE97F2EA9B44000E3310D /* MatchesExplorerView.swift */,
				320EE9802EA9B44000E3310D /* MatchesTabView.swift */,
				320EE9812EA9B44000E3310D /* ReminderSetupView.swift */,
			);
			path = Matches;
			sourceTree = "<group>";
		};
		320EE9872EA9B44000E3310D /* MatchLibrary */ = {
			isa = PBXGroup;
			children = (
				320EE9832EA9B44000E3310D /* LiveMatchesView.swift */,
				320EE9842EA9B44000E3310D /* MatchLibraryView.swift */,
				320EE9852EA9B44000E3310D /* PastMatchesView.swift */,
				320EE9862EA9B44000E3310D /* UpcomingMatchesView.swift */,
			);
			path = MatchLibrary;
			sourceTree = "<group>";
		};
		320EE98D2EA9B44000E3310D /* Profile */ = {
			isa = PBXGroup;
			children = (
				320EE9882EA9B44000E3310D /* FavoritesView.swift */,
				320EE9892EA9B44000E3310D /* NotificationPreferencesView.swift */,
				320EE98A2EA9B44000E3310D /* ProfileTabView.swift */,
				320EE98B2EA9B44000E3310D /* SettingsView.swift */,
				320EE98C2EA9B44000E3310D /* UserProfileView.swift */,
			);
			path = Profile;
			sourceTree = "<group>";
		};
		320EE9922EA9B44000E3310D /* System */ = {
			isa = PBXGroup;
			children = (
				320EE98E2EA9B44000E3310D /* APIStatusView.swift */,
				320EE98F2EA9B44000E3310D /* DatabaseHealthView.swift */,
				320EE9902EA9B44000E3310D /* SyncControlView.swift */,
				320EE9912EA9B44000E3310D /* SystemTabView.swift */,
			);
			path = System;
			sourceTree = "<group>";
		};
		320EE99F2EA9B44000E3310D /* Views */ = {
			isa = PBXGroup;
			children = (
				320EE9782EA9B44000E3310D /* Components */,
				320EE97C2EA9B44000E3310D /* Discover */,
				320EE9822EA9B44000E3310D /* Matches */,
				320EE9872EA9B44000E3310D /* MatchLibrary */,
				320EE98D2EA9B44000E3310D /* Profile */,
				320EE9922EA9B44000E3310D /* System */,
				320EE9932EA9B44000E3310D /* ActiveWorkoutView.swift */,
				320EE9942EA9B44000E3310D /* AddWorkoutView.swift */,
				320EE9952EA9B44000E3310D /* ContentView.swift */,
				320EE9962EA9B44000E3310D /* FavoritesView.swift */,
				320EE9972EA9B44000E3310D /* HomeView.swift */,
				320EE9982EA9B44000E3310D /* LeaguesView.swift */,
				320EE9992EA9B44000E3310D /* MatchesView.swift */,
				320EE99A2EA9B44000E3310D /* SettingsView.swift */,
				320EE99B2EA9B44000E3310D /* SportPickerView.swift */,
				320EE99C2EA9B44000E3310D /* StatisticsView.swift */,
				320EE99D2EA9B44000E3310D /* WorkoutDetailView.swift */,
				320EE99E2EA9B44000E3310D /* WorkoutHistoryView.swift */,
			);
			path = Views;
			sourceTree = "<group>";
		};
		320EE9A62EA9B44000E3310D /* FIFAScheduleBuilder */ = {
			isa = PBXGroup;
			children = (
				32F737C02ECD3AD700BA76D5 /* Info.plist */,
				320EE9522EA9B44000E3310D /* Models */,
				320EE95F2EA9B44000E3310D /* Services */,
				320EE9612EA9B44000E3310D /* Utilities */,
				320EE9752EA9B44000E3310D /* ViewModels */,
				320EE99F2EA9B44000E3310D /* Views */,
				320EE9A22EA9B44000E3310D /* PlaceholderScreens.swift */,
				320EE9A52EA9B44000E3310D /* WindsurfConnectionTest.swift */,
			);
			name = FIFAScheduleBuilder;
			path = /Users/alonsobardales/Desktop/_clean_tracker/FIFAScheduleBuilder;
			sourceTree = "<absolute>";
		};
		A1000027000000000000001 = {
			isa = PBXGroup;
			children = (
				320EE9A62EA9B44000E3310D /* FIFAScheduleBuilder */,
				320EEAD62EAA821400E3310D /* FIFAScheduleBuilder */,
				320EEAE62EAA821600E3310D /* FIFAScheduleBuilderTests */,
				320EEAF02EAA821600E3310D /* FIFAScheduleBuilderUITests */,
				A1000029000000000000001 /* Products */,
			);
			sourceTree = "<group>";
		};
		A1000029000000000000001 /* Products */ = {
			isa = PBXGroup;
			children = (
				320EEAD52EAA821400E3310D /* FIFAScheduleBuilder.app */,
				320EEAE32EAA821600E3310D /* FIFAScheduleBuilderTests.xctest */,
				320EEAED2EAA821600E3310D /* FIFAScheduleBuilderUITests.xctest */,
			);
			name = Products;
			sourceTree = "<group>";
		};
/* End PBXGroup section */

/* Begin PBXNativeTarget section */
		320EEAD42EAA821400E3310D /* FIFAScheduleBuilder */ = {
			isa = PBXNativeTarget;
			buildConfigurationList = 320EEAFB2EAA821600E3310D /* Build configuration list for PBXNativeTarget "FIFAScheduleBuilder" */;
			buildPhases = (
				320EEAD12EAA821400E3310D /* Sources */,
				320EEAD22EAA821400E3310D /* Frameworks */,
				320EEAD32EAA821400E3310D /* Resources */,
			);
			buildRules = (
			);
			dependencies = (
			);
			fileSystemSynchronizedGroups = (
				320EEAD62EAA821400E3310D /* FIFAScheduleBuilder */,
			);
			name = FIFAScheduleBuilder;
			packageProductDependencies = (
			);
			productName = FIFAScheduleBuilder;
			productReference = 320EEAD52EAA821400E3310D /* FIFAScheduleBuilder.app */;
			productType = "com.apple.product-type.application";
		};
		320EEAE22EAA821600E3310D /* FIFAScheduleBuilderTests */ = {
			isa = PBXNativeTarget;
			buildConfigurationList = 320EEAFC2EAA821600E3310D /* Build configuration list for PBXNativeTarget "FIFAScheduleBuilderTests" */;
			buildPhases = (
				320EEADF2EAA821600E3310D /* Sources */,
				320EEAE02EAA821600E3310D /* Frameworks */,
				320EEAE12EAA821600E3310D /* Resources */,
			);
			buildRules = (
			);
			dependencies = (
				320EEAE52EAA821600E3310D /* PBXTargetDependency */,
			);
			fileSystemSynchronizedGroups = (
				320EEAE62EAA821600E3310D /* FIFAScheduleBuilderTests */,
			);
			name = FIFAScheduleBuilderTests;
			packageProductDependencies = (
			);
			productName = FIFAScheduleBuilderTests;
			productReference = 320EEAE32EAA821600E3310D /* FIFAScheduleBuilderTests.xctest */;
			productType = "com.apple.product-type.bundle.unit-test";
		};
		320EEAEC2EAA821600E3310D /* FIFAScheduleBuilderUITests */ = {
			isa = PBXNativeTarget;
			buildConfigurationList = 320EEAFD2EAA821600E3310D /* Build configuration list for PBXNativeTarget "FIFAScheduleBuilderUITests" */;
			buildPhases = (
				320EEAE92EAA821600E3310D /* Sources */,
				320EEAEA2EAA821600E3310D /* Frameworks */,
				320EEAEB2EAA821600E3310D /* Resources */,
			);
			buildRules = (
			);
			dependencies = (
				320EEAEF2EAA821600E3310D /* PBXTargetDependency */,
			);
			fileSystemSynchronizedGroups = (
				320EEAF02EAA821600E3310D /* FIFAScheduleBuilderUITests */,
			);
			name = FIFAScheduleBuilderUITests;
			packageProductDependencies = (
			);
			productName = FIFAScheduleBuilderUITests;
			productReference = 320EEAED2EAA821600E3310D /* FIFAScheduleBuilderUITests.xctest */;
			productType = "com.apple.product-type.bundle.ui-testing";
		};
/* End PBXNativeTarget section */

/* Begin PBXProject section */
		A1000036000000000000001 /* Project object */ = {
			isa = PBXProject;
			attributes = {
				BuildIndependentTargetsInParallel = YES;
				LastSwiftUpdateCheck = 2600;
				LastUpgradeCheck = 2610;
				TargetAttributes = {
					320EEAD42EAA821400E3310D = {
						CreatedOnToolsVersion = 26.0.1;
					};
					320EEAE22EAA821600E3310D = {
						CreatedOnToolsVersion = 26.0.1;
						TestTargetID = 320EEAD42EAA821400E3310D;
					};
					320EEAEC2EAA821600E3310D = {
						CreatedOnToolsVersion = 26.0.1;
						TestTargetID = 320EEAD42EAA821400E3310D;
					};
				};
			};
			buildConfigurationList = A1000037000000000000001 /* Build configuration list for PBXProject "FIFAScheduleBuilder" */;
			compatibilityVersion = "Xcode 14.0";
			developmentRegion = en;
			hasScannedForEncodings = 0;
			knownRegions = (
				en,
				Base,
			);
			mainGroup = A1000027000000000000001;
			packageReferences = (
				3209416B2EB7D12D00008B47 /* XCRemoteSwiftPackageReference "firebase-ios-sdk" */,
			);
			productRefGroup = A1000029000000000000001 /* Products */;
			projectDirPath = "";
			projectRoot = "";
			targets = (
				320EEAD42EAA821400E3310D /* FIFAScheduleBuilder */,
				320EEAE22EAA821600E3310D /* FIFAScheduleBuilderTests */,
				320EEAEC2EAA821600E3310D /* FIFAScheduleBuilderUITests */,
			);
		};
/* End PBXProject section */

/* Begin PBXResourcesBuildPhase section */
		320EEAD32EAA821400E3310D /* Resources */ = {
			isa = PBXResourcesBuildPhase;
			buildActionMask = 2147483647;
			files = (
			);
			runOnlyForDeploymentPostprocessing = 0;
		};
		320EEAE12EAA821600E3310D /* Resources */ = {
			isa = PBXResourcesBuildPhase;
			buildActionMask = 2147483647;
			files = (
			);
			runOnlyForDeploymentPostprocessing = 0;
		};
		320EEAEB2EAA821600E3310D /* Resources */ = {
			isa = PBXResourcesBuildPhase;
			buildActionMask = 2147483647;
			files = (
			);
			runOnlyForDeploymentPostprocessing = 0;
		};
/* End PBXResourcesBuildPhase section */

/* Begin PBXSourcesBuildPhase section */
		320EEAD12EAA821400E3310D /* Sources */ = {
			isa = PBXSourcesBuildPhase;
			buildActionMask = 2147483647;
			files = (
			);
			runOnlyForDeploymentPostprocessing = 0;
		};
		320EEADF2EAA821600E3310D /* Sources */ = {
			isa = PBXSourcesBuildPhase;
			buildActionMask = 2147483647;
			files = (
			);
			runOnlyForDeploymentPostprocessing = 0;
		};
		320EEAE92EAA821600E3310D /* Sources */ = {
			isa = PBXSourcesBuildPhase;
			buildActionMask = 2147483647;
			files = (
			);
			runOnlyForDeploymentPostprocessing = 0;
		};
/* End PBXSourcesBuildPhase section */

/* Begin PBXTargetDependency section */
		320EEAE52EAA821600E3310D /* PBXTargetDependency */ = {
			isa = PBXTargetDependency;
			target = 320EEAD42EAA821400E3310D /* FIFAScheduleBuilder */;
			targetProxy = 320EEAE42EAA821600E3310D /* PBXContainerItemProxy */;
		};
		320EEAEF2EAA821600E3310D /* PBXTargetDependency */ = {
			isa = PBXTargetDependency;
			target = 320EEAD42EAA821400E3310D /* FIFAScheduleBuilder */;
			targetProxy = 320EEAEE2EAA821600E3310D /* PBXContainerItemProxy */;
		};
/* End PBXTargetDependency section */

/* Begin XCBuildConfiguration section */
		320EEAF52EAA821600E3310D /* Debug */ = {
			isa = XCBuildConfiguration;
			buildSettings = {
				ASSETCATALOG_COMPILER_APPICON_NAME = AppIcon;
				ASSETCATALOG_COMPILER_GLOBAL_ACCENT_COLOR_NAME = AccentColor;
				CODE_SIGN_ENTITLEMENTS = FIFAScheduleBuilder/FIFAScheduleBuilder.entitlements;
				CODE_SIGN_IDENTITY = "Apple Development";
				"CODE_SIGN_IDENTITY[sdk=macosx*]" = "Apple Development";
				CODE_SIGN_STYLE = Automatic;
				CURRENT_PROJECT_VERSION = 1;
				DEAD_CODE_STRIPPING = YES;
				DEVELOPMENT_TEAM = 8CN54MQ3P6;
				ENABLE_APP_SANDBOX = YES;
				ENABLE_HARDENED_RUNTIME = YES;
				ENABLE_PREVIEWS = YES;
				ENABLE_USER_SELECTED_FILES = readonly;
				GENERATE_INFOPLIST_FILE = YES;
				INFOPLIST_FILE = FIFAScheduleBuilder/Info.plist;
				INFOPLIST_KEY_NSLocationAlwaysAndWhenInUseUsageDescription = "We need your location to send you timely notifications about your schedule even when the app is in the background.";
				INFOPLIST_KEY_NSLocationUsageDescription = "We need your location to track your progress to the stadium and provide real-time updates on your schedule.";
				INFOPLIST_KEY_NSLocationWhenInUseUsageDescription = "We need your location to track your progress to the stadium and provide real-time updates on your schedule.";
				"INFOPLIST_KEY_UIApplicationSceneManifest_Generation[sdk=iphoneos*]" = YES;
				"INFOPLIST_KEY_UIApplicationSceneManifest_Generation[sdk=iphonesimulator*]" = YES;
				"INFOPLIST_KEY_UIApplicationSupportsIndirectInputEvents[sdk=iphoneos*]" = YES;
				"INFOPLIST_KEY_UIApplicationSupportsIndirectInputEvents[sdk=iphonesimulator*]" = YES;
				"INFOPLIST_KEY_UILaunchScreen_Generation[sdk=iphoneos*]" = YES;
				"INFOPLIST_KEY_UILaunchScreen_Generation[sdk=iphonesimulator*]" = YES;
				"INFOPLIST_KEY_UIStatusBarStyle[sdk=iphoneos*]" = UIStatusBarStyleDefault;
				"INFOPLIST_KEY_UIStatusBarStyle[sdk=iphonesimulator*]" = UIStatusBarStyleDefault;
				INFOPLIST_KEY_UISupportedInterfaceOrientations_iPad = "UIInterfaceOrientationPortrait UIInterfaceOrientationPortraitUpsideDown UIInterfaceOrientationLandscapeLeft UIInterfaceOrientationLandscapeRight";
				INFOPLIST_KEY_UISupportedInterfaceOrientations_iPhone = "UIInterfaceOrientationPortrait UIInterfaceOrientationLandscapeLeft UIInterfaceOrientationLandscapeRight";
				IPHONEOS_DEPLOYMENT_TARGET = 17.0;
				LD_RUNPATH_SEARCH_PATHS = "@executable_path/Frameworks";
				"LD_RUNPATH_SEARCH_PATHS[sdk=macosx*]" = "@executable_path/../Frameworks";
				MACOSX_DEPLOYMENT_TARGET = 14.0;
				MARKETING_VERSION = 1.0;
				PRODUCT_BUNDLE_IDENTIFIER = name.alonso.FIFAScheduleBuilder;
				PRODUCT_NAME = "$(TARGET_NAME)";
				PROVISIONING_PROFILE_SPECIFIER = "";
				REGISTER_APP_GROUPS = YES;
				SDKROOT = auto;
				STRING_CATALOG_GENERATE_SYMBOLS = YES;
				SUPPORTED_PLATFORMS = "iphoneos iphonesimulator macosx xros xrsimulator";
				SWIFT_APPROACHABLE_CONCURRENCY = YES;
				SWIFT_DEFAULT_ACTOR_ISOLATION = MainActor;
				SWIFT_EMIT_LOC_STRINGS = YES;
				SWIFT_UPCOMING_FEATURE_MEMBER_IMPORT_VISIBILITY = YES;
				SWIFT_VERSION = 5.0;
				TARGETED_DEVICE_FAMILY = "1,2,7";
				XROS_DEPLOYMENT_TARGET = 2.0;
			};
			name = Debug;
		};
		320EEAF62EAA821600E3310D /* Release */ = {
			isa = XCBuildConfiguration;
			buildSettings = {
				ASSETCATALOG_COMPILER_APPICON_NAME = AppIcon;
				ASSETCATALOG_COMPILER_GLOBAL_ACCENT_COLOR_NAME = AccentColor;
				CODE_SIGN_ENTITLEMENTS = FIFAScheduleBuilder/FIFAScheduleBuilder.entitlements;
				CODE_SIGN_IDENTITY = "";
				"CODE_SIGN_IDENTITY[sdk=macosx*]" = "Apple Development";
				CODE_SIGN_STYLE = Automatic;
				CURRENT_PROJECT_VERSION = 1;
				DEAD_CODE_STRIPPING = YES;
				DEVELOPMENT_TEAM = 8CN54MQ3P6;
				ENABLE_APP_SANDBOX = YES;
				ENABLE_HARDENED_RUNTIME = YES;
				ENABLE_PREVIEWS = YES;
				ENABLE_USER_SELECTED_FILES = readonly;
				GENERATE_INFOPLIST_FILE = YES;
				INFOPLIST_FILE = FIFAScheduleBuilder/Info.plist;
				INFOPLIST_KEY_NSLocationAlwaysAndWhenInUseUsageDescription = "We need your location to send you timely notifications about your schedule even when the app is in the background.";
				INFOPLIST_KEY_NSLocationUsageDescription = "We need your location to track your progress to the stadium and provide real-time updates on your schedule.";
				INFOPLIST_KEY_NSLocationWhenInUseUsageDescription = "We need your location to track your progress to the stadium and provide real-time updates on your schedule.";
				"INFOPLIST_KEY_UIApplicationSceneManifest_Generation[sdk=iphoneos*]" = YES;
				"INFOPLIST_KEY_UIApplicationSceneManifest_Generation[sdk=iphonesimulator*]" = YES;
				"INFOPLIST_KEY_UIApplicationSupportsIndirectInputEvents[sdk=iphoneos*]" = YES;
				"INFOPLIST_KEY_UIApplicationSupportsIndirectInputEvents[sdk=iphonesimulator*]" = YES;
				"INFOPLIST_KEY_UILaunchScreen_Generation[sdk=iphoneos*]" = YES;
				"INFOPLIST_KEY_UILaunchScreen_Generation[sdk=iphonesimulator*]" = YES;
				"INFOPLIST_KEY_UIStatusBarStyle[sdk=iphoneos*]" = UIStatusBarStyleDefault;
				"INFOPLIST_KEY_UIStatusBarStyle[sdk=iphonesimulator*]" = UIStatusBarStyleDefault;
				INFOPLIST_KEY_UISupportedInterfaceOrientations_iPad = "UIInterfaceOrientationPortrait UIInterfaceOrientationPortraitUpsideDown UIInterfaceOrientationLandscapeLeft UIInterfaceOrientationLandscapeRight";
				INFOPLIST_KEY_UISupportedInterfaceOrientations_iPhone = "UIInterfaceOrientationPortrait UIInterfaceOrientationLandscapeLeft UIInterfaceOrientationLandscapeRight";
				IPHONEOS_DEPLOYMENT_TARGET = 17.0;
				LD_RUNPATH_SEARCH_PATHS = "@executable_path/Frameworks";
				"LD_RUNPATH_SEARCH_PATHS[sdk=macosx*]" = "@executable_path/../Frameworks";
				MACOSX_DEPLOYMENT_TARGET = 14.0;
				MARKETING_VERSION = 1.0;
				PRODUCT_BUNDLE_IDENTIFIER = name.alonso.FIFAScheduleBuilder;
				PRODUCT_NAME = "$(TARGET_NAME)";
				PROVISIONING_PROFILE_SPECIFIER = "";
				REGISTER_APP_GROUPS = YES;
				SDKROOT = auto;
				STRING_CATALOG_GENERATE_SYMBOLS = YES;
				SUPPORTED_PLATFORMS = "iphoneos iphonesimulator macosx xros xrsimulator";
				SWIFT_APPROACHABLE_CONCURRENCY = YES;
				SWIFT_DEFAULT_ACTOR_ISOLATION = MainActor;
				SWIFT_EMIT_LOC_STRINGS = YES;
				SWIFT_UPCOMING_FEATURE_MEMBER_IMPORT_VISIBILITY = YES;
				SWIFT_VERSION = 5.0;
				TARGETED_DEVICE_FAMILY = "1,2,7";
				XROS_DEPLOYMENT_TARGET = 2.0;
			};
			name = Release;
		};
		320EEAF72EAA821600E3310D /* Debug */ = {
			isa = XCBuildConfiguration;
			buildSettings = {
				BUNDLE_LOADER = "$(TEST_HOST)";
				CODE_SIGN_STYLE = Automatic;
				CURRENT_PROJECT_VERSION = 1;
				DEAD_CODE_STRIPPING = YES;
				GENERATE_INFOPLIST_FILE = YES;
				IPHONEOS_DEPLOYMENT_TARGET = 17.0;
				MACOSX_DEPLOYMENT_TARGET = 14.0;
				MARKETING_VERSION = 1.0;
				PRODUCT_BUNDLE_IDENTIFIER = name.alonso.FIFAScheduleBuilderTests;
				PRODUCT_NAME = "$(TARGET_NAME)";
				SDKROOT = auto;
				STRING_CATALOG_GENERATE_SYMBOLS = NO;
				SUPPORTED_PLATFORMS = "iphoneos iphonesimulator macosx xros xrsimulator";
				SWIFT_APPROACHABLE_CONCURRENCY = YES;
				SWIFT_EMIT_LOC_STRINGS = NO;
				SWIFT_UPCOMING_FEATURE_MEMBER_IMPORT_VISIBILITY = YES;
				SWIFT_VERSION = 5.0;
				TARGETED_DEVICE_FAMILY = "1,2,7";
				TEST_HOST = "$(BUILT_PRODUCTS_DIR)/FIFAScheduleBuilder.app/$(BUNDLE_EXECUTABLE_FOLDER_PATH)/FIFAScheduleBuilder";
				XROS_DEPLOYMENT_TARGET = 2.0;
			};
			name = Debug;
		};
		320EEAF82EAA821600E3310D /* Release */ = {
			isa = XCBuildConfiguration;
			baseConfigurationReferenceAnchor = 320EEAD62EAA821400E3310D /* FIFAScheduleBuilder */;
			baseConfigurationReferenceRelativePath = Config.xcconfig;
			buildSettings = {
				BUNDLE_LOADER = "$(TEST_HOST)";
				CODE_SIGN_STYLE = Automatic;
				CURRENT_PROJECT_VERSION = 1;
				DEAD_CODE_STRIPPING = YES;
				GENERATE_INFOPLIST_FILE = YES;
				IPHONEOS_DEPLOYMENT_TARGET = 17.0;
				MACOSX_DEPLOYMENT_TARGET = 14.0;
				MARKETING_VERSION = 1.0;
				PRODUCT_BUNDLE_IDENTIFIER = name.alonso.FIFAScheduleBuilderTests;
				PRODUCT_NAME = "$(TARGET_NAME)";
				SDKROOT = auto;
				STRING_CATALOG_GENERATE_SYMBOLS = NO;
				SUPPORTED_PLATFORMS = "iphoneos iphonesimulator macosx xros xrsimulator";
				SWIFT_APPROACHABLE_CONCURRENCY = YES;
				SWIFT_EMIT_LOC_STRINGS = NO;
				SWIFT_UPCOMING_FEATURE_MEMBER_IMPORT_VISIBILITY = YES;
				SWIFT_VERSION = 5.0;
				TARGETED_DEVICE_FAMILY = "1,2,7";
				TEST_HOST = "$(BUILT_PRODUCTS_DIR)/FIFAScheduleBuilder.app/$(BUNDLE_EXECUTABLE_FOLDER_PATH)/FIFAScheduleBuilder";
				XROS_DEPLOYMENT_TARGET = 2.0;
			};
			name = Release;
		};
		320EEAF92EAA821600E3310D /* Debug */ = {
			isa = XCBuildConfiguration;
			buildSettings = {
				CODE_SIGN_STYLE = Automatic;
				CURRENT_PROJECT_VERSION = 1;
				DEAD_CODE_STRIPPING = YES;
				GENERATE_INFOPLIST_FILE = YES;
				IPHONEOS_DEPLOYMENT_TARGET = 17.0;
				MACOSX_DEPLOYMENT_TARGET = 14.0;
				MARKETING_VERSION = 1.0;
				PRODUCT_BUNDLE_IDENTIFIER = name.alonso.FIFAScheduleBuilderUITests;
				PRODUCT_NAME = "$(TARGET_NAME)";
				SDKROOT = auto;
				STRING_CATALOG_GENERATE_SYMBOLS = NO;
				SUPPORTED_PLATFORMS = "iphoneos iphonesimulator macosx xros xrsimulator";
				SWIFT_APPROACHABLE_CONCURRENCY = YES;
				SWIFT_EMIT_LOC_STRINGS = NO;
				SWIFT_UPCOMING_FEATURE_MEMBER_IMPORT_VISIBILITY = YES;
				SWIFT_VERSION = 5.0;
				TARGETED_DEVICE_FAMILY = "1,2,7";
				TEST_TARGET_NAME = FIFAScheduleBuilder;
				XROS_DEPLOYMENT_TARGET = 2.0;
			};
			name = Debug;
		};
		320EEAFA2EAA821600E3310D /* Release */ = {
			isa = XCBuildConfiguration;
			buildSettings = {
				CODE_SIGN_STYLE = Automatic;
				CURRENT_PROJECT_VERSION = 1;
				DEAD_CODE_STRIPPING = YES;
				GENERATE_INFOPLIST_FILE = YES;
				IPHONEOS_DEPLOYMENT_TARGET = 17.0;
				MACOSX_DEPLOYMENT_TARGET = 14.0;
				MARKETING_VERSION = 1.0;
				PRODUCT_BUNDLE_IDENTIFIER = name.alonso.FIFAScheduleBuilderUITests;
				PRODUCT_NAME = "$(TARGET_NAME)";
				SDKROOT = auto;
				STRING_CATALOG_GENERATE_SYMBOLS = NO;
				SUPPORTED_PLATFORMS = "iphoneos iphonesimulator macosx xros xrsimulator";
				SWIFT_APPROACHABLE_CONCURRENCY = YES;
				SWIFT_EMIT_LOC_STRINGS = NO;
				SWIFT_UPCOMING_FEATURE_MEMBER_IMPORT_VISIBILITY = YES;
				SWIFT_VERSION = 5.0;
				TARGETED_DEVICE_FAMILY = "1,2,7";
				TEST_TARGET_NAME = FIFAScheduleBuilder;
				XROS_DEPLOYMENT_TARGET = 2.0;
			};
			name = Release;
		};
		320EEBAD2EAA82AE00E3310D /* Debug copy */ = {
			isa = XCBuildConfiguration;
			baseConfigurationReferenceAnchor = 320EEAD62EAA821400E3310D /* FIFAScheduleBuilder */;
			baseConfigurationReferenceRelativePath = Config.xcconfig;
			buildSettings = {
				ALWAYS_SEARCH_USER_PATHS = YES;
				ASSETCATALOG_COMPILER_GENERATE_SWIFT_ASSET_SYMBOL_EXTENSIONS = YES;
				CLANG_ANALYZER_NONNULL = YES;
				CLANG_ANALYZER_NUMBER_OBJECT_CONVERSION = YES_AGGRESSIVE;
				CLANG_CXX_LANGUAGE_STANDARD = "gnu++20";
				CLANG_ENABLE_MODULES = YES;
				CLANG_ENABLE_OBJC_ARC = YES;
				CLANG_ENABLE_OBJC_WEAK = YES;
				CLANG_WARN_BLOCK_CAPTURE_AUTORELEASING = YES;
				CLANG_WARN_BOOL_CONVERSION = YES;
				CLANG_WARN_COMMA = YES;
				CLANG_WARN_CONSTANT_CONVERSION = YES;
				CLANG_WARN_DEPRECATED_OBJC_IMPLEMENTATIONS = YES;
				CLANG_WARN_DIRECT_OBJC_ISA_USAGE = YES_ERROR;
				CLANG_WARN_DOCUMENTATION_COMMENTS = YES;
				CLANG_WARN_EMPTY_BODY = YES;
				CLANG_WARN_ENUM_CONVERSION = YES;
				CLANG_WARN_INFINITE_RECURSION = YES;
				CLANG_WARN_INT_CONVERSION = YES;
				CLANG_WARN_NON_LITERAL_NULL_CONVERSION = YES;
				CLANG_WARN_OBJC_IMPLICIT_RETAIN_SELF = YES;
				CLANG_WARN_OBJC_LITERAL_CONVERSION = YES;
				CLANG_WARN_OBJC_ROOT_CLASS = YES_ERROR;
				CLANG_WARN_QUOTED_INCLUDE_IN_FRAMEWORK_HEADER = YES;
				CLANG_WARN_RANGE_LOOP_ANALYSIS = YES;
				CLANG_WARN_STRICT_PROTOTYPES = YES;
				CLANG_WARN_SUSPICIOUS_MOVE = YES;
				CLANG_WARN_UNGUARDED_AVAILABILITY = YES_AGGRESSIVE;
				CLANG_WARN_UNREACHABLE_CODE = YES;
				CLANG_WARN__DUPLICATE_METHOD_MATCH = YES;
				COPY_PHASE_STRIP = YES;
				DEBUG_INFORMATION_FORMAT = dwarf;
				DEVELOPMENT_TEAM = 8CN54MQ3P6;
				ENABLE_STRICT_OBJC_MSGSEND = YES;
				ENABLE_TESTABILITY = YES;
				ENABLE_USER_SCRIPT_SANDBOXING = YES;
				GCC_C_LANGUAGE_STANDARD = gnu17;
				GCC_DYNAMIC_NO_PIC = YES;
				GCC_NO_COMMON_BLOCKS = YES;
				GCC_OPTIMIZATION_LEVEL = 0;
				GCC_PREPROCESSOR_DEFINITIONS = (
					"DEBUG=1",
					"$(inherited)",
				);
				GCC_WARN_64_TO_32_BIT_CONVERSION = YES;
				GCC_WARN_ABOUT_RETURN_TYPE = YES_ERROR;
				GCC_WARN_UNDECLARED_SELECTOR = YES;
				GCC_WARN_UNINITIALIZED_AUTOS = YES_AGGRESSIVE;
				GCC_WARN_UNUSED_FUNCTION = YES;
				GCC_WARN_UNUSED_VARIABLE = YES;
				IPHONEOS_DEPLOYMENT_TARGET = 16.0;
				LOCALIZATION_PREFERS_STRING_CATALOGS = YES;
				MTL_ENABLE_DEBUG_INFO = INCLUDE_SOURCE;
				MTL_FAST_MATH = YES;
				ONLY_ACTIVE_ARCH = YES;
				SDKROOT = iphoneos;
				STRING_CATALOG_GENERATE_SYMBOLS = YES;
				SWIFT_ACTIVE_COMPILATION_CONDITIONS = "DEBUG $(inherited)";
				SWIFT_OPTIMIZATION_LEVEL = "-Onone";
			};
			name = "Debug copy";
		};
		320EEBAE2EAA82AE00E3310D /* Debug copy */ = {
			isa = XCBuildConfiguration;
			buildSettings = {
				ASSETCATALOG_COMPILER_APPICON_NAME = AppIcon;
				ASSETCATALOG_COMPILER_GLOBAL_ACCENT_COLOR_NAME = AccentColor;
				CODE_SIGN_IDENTITY = "Apple Development";
				CODE_SIGN_STYLE = Automatic;
				CURRENT_PROJECT_VERSION = 1;
				DEAD_CODE_STRIPPING = YES;
				DEVELOPMENT_TEAM = 8CN54MQ3P6;
				ENABLE_APP_SANDBOX = YES;
				ENABLE_HARDENED_RUNTIME = YES;
				ENABLE_PREVIEWS = YES;
				ENABLE_USER_SELECTED_FILES = readonly;
				GENERATE_INFOPLIST_FILE = YES;
				INFOPLIST_FILE = FIFAScheduleBuilder/Info.plist;
				INFOPLIST_KEY_NSLocationAlwaysAndWhenInUseUsageDescription = "We need your location to send you timely notifications about your schedule even when the app is in the background.";
				INFOPLIST_KEY_NSLocationUsageDescription = "We need your location to track your progress to the stadium and provide real-time updates on your schedule.";
				INFOPLIST_KEY_NSLocationWhenInUseUsageDescription = "We need your location to track your progress to the stadium and provide real-time updates on your schedule.";
				"INFOPLIST_KEY_UIApplicationSceneManifest_Generation[sdk=iphoneos*]" = YES;
				"INFOPLIST_KEY_UIApplicationSceneManifest_Generation[sdk=iphonesimulator*]" = YES;
				"INFOPLIST_KEY_UIApplicationSupportsIndirectInputEvents[sdk=iphoneos*]" = YES;
				"INFOPLIST_KEY_UIApplicationSupportsIndirectInputEvents[sdk=iphonesimulator*]" = YES;
				"INFOPLIST_KEY_UILaunchScreen_Generation[sdk=iphoneos*]" = YES;
				"INFOPLIST_KEY_UILaunchScreen_Generation[sdk=iphonesimulator*]" = YES;
				"INFOPLIST_KEY_UIStatusBarStyle[sdk=iphoneos*]" = UIStatusBarStyleDefault;
				"INFOPLIST_KEY_UIStatusBarStyle[sdk=iphonesimulator*]" = UIStatusBarStyleDefault;
				INFOPLIST_KEY_UISupportedInterfaceOrientations_iPad = "UIInterfaceOrientationPortrait UIInterfaceOrientationPortraitUpsideDown UIInterfaceOrientationLandscapeLeft UIInterfaceOrientationLandscapeRight";
				INFOPLIST_KEY_UISupportedInterfaceOrientations_iPhone = "UIInterfaceOrientationPortrait UIInterfaceOrientationLandscapeLeft UIInterfaceOrientationLandscapeRight";
				IPHONEOS_DEPLOYMENT_TARGET = 17.0;
				LD_RUNPATH_SEARCH_PATHS = "@executable_path/Frameworks";
				"LD_RUNPATH_SEARCH_PATHS[sdk=macosx*]" = "@executable_path/../Frameworks";
				MACOSX_DEPLOYMENT_TARGET = 14.0;
				MARKETING_VERSION = 1.0;
				PRODUCT_BUNDLE_IDENTIFIER = name.alonso.FIFAScheduleBuilder;
				PRODUCT_NAME = "$(TARGET_NAME)";
				PROVISIONING_PROFILE_SPECIFIER = "";
				REGISTER_APP_GROUPS = YES;
				SDKROOT = auto;
				STRING_CATALOG_GENERATE_SYMBOLS = YES;
				SUPPORTED_PLATFORMS = "iphoneos iphonesimulator macosx xros xrsimulator";
				SWIFT_APPROACHABLE_CONCURRENCY = YES;
				SWIFT_DEFAULT_ACTOR_ISOLATION = MainActor;
				SWIFT_EMIT_LOC_STRINGS = YES;
				SWIFT_UPCOMING_FEATURE_MEMBER_IMPORT_VISIBILITY = YES;
				SWIFT_VERSION = 5.0;
				TARGETED_DEVICE_FAMILY = "1,2,7";
				XROS_DEPLOYMENT_TARGET = 2.0;
			};
			name = "Debug copy";
		};
		320EEBAF2EAA82AE00E3310D /* Debug copy */ = {
			isa = XCBuildConfiguration;
			buildSettings = {
				BUNDLE_LOADER = "$(TEST_HOST)";
				CODE_SIGN_STYLE = Automatic;
				CURRENT_PROJECT_VERSION = 1;
				DEAD_CODE_STRIPPING = YES;
				GENERATE_INFOPLIST_FILE = YES;
				IPHONEOS_DEPLOYMENT_TARGET = 17.0;
				MACOSX_DEPLOYMENT_TARGET = 14.0;
				MARKETING_VERSION = 1.0;
				PRODUCT_BUNDLE_IDENTIFIER = name.alonso.FIFAScheduleBuilderTests;
				PRODUCT_NAME = "$(TARGET_NAME)";
				SDKROOT = auto;
				STRING_CATALOG_GENERATE_SYMBOLS = NO;
				SUPPORTED_PLATFORMS = "iphoneos iphonesimulator macosx xros xrsimulator";
				SWIFT_APPROACHABLE_CONCURRENCY = YES;
				SWIFT_EMIT_LOC_STRINGS = NO;
				SWIFT_UPCOMING_FEATURE_MEMBER_IMPORT_VISIBILITY = YES;
				SWIFT_VERSION = 5.0;
				TARGETED_DEVICE_FAMILY = "1,2,7";
				TEST_HOST = "$(BUILT_PRODUCTS_DIR)/FIFAScheduleBuilder.app/$(BUNDLE_EXECUTABLE_FOLDER_PATH)/FIFAScheduleBuilder";
				XROS_DEPLOYMENT_TARGET = 2.0;
			};
			name = "Debug copy";
		};
		320EEBB02EAA82AE00E3310D /* Debug copy */ = {
			isa = XCBuildConfiguration;
			buildSettings = {
				CODE_SIGN_STYLE = Automatic;
				CURRENT_PROJECT_VERSION = 1;
				DEAD_CODE_STRIPPING = YES;
				GENERATE_INFOPLIST_FILE = YES;
				IPHONEOS_DEPLOYMENT_TARGET = 17.0;
				MACOSX_DEPLOYMENT_TARGET = 14.0;
				MARKETING_VERSION = 1.0;
				PRODUCT_BUNDLE_IDENTIFIER = name.alonso.FIFAScheduleBuilderUITests;
				PRODUCT_NAME = "$(TARGET_NAME)";
				SDKROOT = auto;
				STRING_CATALOG_GENERATE_SYMBOLS = NO;
				SUPPORTED_PLATFORMS = "iphoneos iphonesimulator macosx xros xrsimulator";
				SWIFT_APPROACHABLE_CONCURRENCY = YES;
				SWIFT_EMIT_LOC_STRINGS = NO;
				SWIFT_UPCOMING_FEATURE_MEMBER_IMPORT_VISIBILITY = YES;
				SWIFT_VERSION = 5.0;
				TARGETED_DEVICE_FAMILY = "1,2,7";
				TEST_TARGET_NAME = FIFAScheduleBuilder;
				XROS_DEPLOYMENT_TARGET = 2.0;
			};
			name = "Debug copy";
		};
		A1000038000000000000001 /* Debug */ = {
			isa = XCBuildConfiguration;
			buildSettings = {
				ALWAYS_SEARCH_USER_PATHS = YES;
				ASSETCATALOG_COMPILER_GENERATE_SWIFT_ASSET_SYMBOL_EXTENSIONS = YES;
				CLANG_ANALYZER_NONNULL = YES;
				CLANG_ANALYZER_NUMBER_OBJECT_CONVERSION = YES_AGGRESSIVE;
				CLANG_CXX_LANGUAGE_STANDARD = "gnu++20";
				CLANG_ENABLE_MODULES = YES;
				CLANG_ENABLE_OBJC_ARC = YES;
				CLANG_ENABLE_OBJC_WEAK = YES;
				CLANG_WARN_BLOCK_CAPTURE_AUTORELEASING = YES;
				CLANG_WARN_BOOL_CONVERSION = YES;
				CLANG_WARN_COMMA = YES;
				CLANG_WARN_CONSTANT_CONVERSION = YES;
				CLANG_WARN_DEPRECATED_OBJC_IMPLEMENTATIONS = YES;
				CLANG_WARN_DIRECT_OBJC_ISA_USAGE = YES_ERROR;
				CLANG_WARN_DOCUMENTATION_COMMENTS = YES;
				CLANG_WARN_EMPTY_BODY = YES;
				CLANG_WARN_ENUM_CONVERSION = YES;
				CLANG_WARN_INFINITE_RECURSION = YES;
				CLANG_WARN_INT_CONVERSION = YES;
				CLANG_WARN_NON_LITERAL_NULL_CONVERSION = YES;
				CLANG_WARN_OBJC_IMPLICIT_RETAIN_SELF = YES;
				CLANG_WARN_OBJC_LITERAL_CONVERSION = YES;
				CLANG_WARN_OBJC_ROOT_CLASS = YES_ERROR;
				CLANG_WARN_QUOTED_INCLUDE_IN_FRAMEWORK_HEADER = YES;
				CLANG_WARN_RANGE_LOOP_ANALYSIS = YES;
				CLANG_WARN_STRICT_PROTOTYPES = YES;
				CLANG_WARN_SUSPICIOUS_MOVE = YES;
				CLANG_WARN_UNGUARDED_AVAILABILITY = YES_AGGRESSIVE;
				CLANG_WARN_UNREACHABLE_CODE = YES;
				CLANG_WARN__DUPLICATE_METHOD_MATCH = YES;
				COPY_PHASE_STRIP = YES;
				DEBUG_INFORMATION_FORMAT = dwarf;
				DEVELOPMENT_TEAM = 8CN54MQ3P6;
				ENABLE_STRICT_OBJC_MSGSEND = YES;
				ENABLE_TESTABILITY = YES;
				ENABLE_USER_SCRIPT_SANDBOXING = YES;
				GCC_C_LANGUAGE_STANDARD = gnu17;
				GCC_DYNAMIC_NO_PIC = YES;
				GCC_NO_COMMON_BLOCKS = YES;
				GCC_OPTIMIZATION_LEVEL = 0;
				GCC_PREPROCESSOR_DEFINITIONS = (
					"DEBUG=1",
					"$(inherited)",
				);
				GCC_WARN_64_TO_32_BIT_CONVERSION = YES;
				GCC_WARN_ABOUT_RETURN_TYPE = YES_ERROR;
				GCC_WARN_UNDECLARED_SELECTOR = YES;
				GCC_WARN_UNINITIALIZED_AUTOS = YES_AGGRESSIVE;
				GCC_WARN_UNUSED_FUNCTION = YES;
				GCC_WARN_UNUSED_VARIABLE = YES;
				IPHONEOS_DEPLOYMENT_TARGET = 16.0;
				LOCALIZATION_PREFERS_STRING_CATALOGS = YES;
				MTL_ENABLE_DEBUG_INFO = INCLUDE_SOURCE;
				MTL_FAST_MATH = YES;
				ONLY_ACTIVE_ARCH = YES;
				SDKROOT = iphoneos;
				STRING_CATALOG_GENERATE_SYMBOLS = YES;
				SWIFT_ACTIVE_COMPILATION_CONDITIONS = "DEBUG $(inherited)";
				SWIFT_OPTIMIZATION_LEVEL = "-Onone";
			};
			name = Debug;
		};
		A1000039000000000000001 /* Release */ = {
			isa = XCBuildConfiguration;
			buildSettings = {
				ALWAYS_SEARCH_USER_PATHS = YES;
				ASSETCATALOG_COMPILER_GENERATE_SWIFT_ASSET_SYMBOL_EXTENSIONS = YES;
				CLANG_ANALYZER_NONNULL = YES;
				CLANG_ANALYZER_NUMBER_OBJECT_CONVERSION = YES_AGGRESSIVE;
				CLANG_CXX_LANGUAGE_STANDARD = "gnu++20";
				CLANG_ENABLE_MODULES = YES;
				CLANG_ENABLE_OBJC_ARC = YES;
				CLANG_ENABLE_OBJC_WEAK = YES;
				CLANG_WARN_BLOCK_CAPTURE_AUTORELEASING = YES;
				CLANG_WARN_BOOL_CONVERSION = YES;
				CLANG_WARN_COMMA = YES;
				CLANG_WARN_CONSTANT_CONVERSION = YES;
				CLANG_WARN_DEPRECATED_OBJC_IMPLEMENTATIONS = YES;
				CLANG_WARN_DIRECT_OBJC_ISA_USAGE = YES_ERROR;
				CLANG_WARN_DOCUMENTATION_COMMENTS = YES;
				CLANG_WARN_EMPTY_BODY = YES;
				CLANG_WARN_ENUM_CONVERSION = YES;
				CLANG_WARN_INFINITE_RECURSION = YES;
				CLANG_WARN_INT_CONVERSION = YES;
				CLANG_WARN_NON_LITERAL_NULL_CONVERSION = YES;
				CLANG_WARN_OBJC_IMPLICIT_RETAIN_SELF = YES;
				CLANG_WARN_OBJC_LITERAL_CONVERSION = YES;
				CLANG_WARN_OBJC_ROOT_CLASS = YES_ERROR;
				CLANG_WARN_QUOTED_INCLUDE_IN_FRAMEWORK_HEADER = YES;
				CLANG_WARN_RANGE_LOOP_ANALYSIS = YES;
				CLANG_WARN_STRICT_PROTOTYPES = YES;
				CLANG_WARN_SUSPICIOUS_MOVE = YES;
				CLANG_WARN_UNGUARDED_AVAILABILITY = YES_AGGRESSIVE;
				CLANG_WARN_UNREACHABLE_CODE = YES;
				CLANG_WARN__DUPLICATE_METHOD_MATCH = YES;
				COPY_PHASE_STRIP = YES;
				DEBUG_INFORMATION_FORMAT = "dwarf-with-dsym";
				DEVELOPMENT_TEAM = 8CN54MQ3P6;
				ENABLE_NS_ASSERTIONS = NO;
				ENABLE_STRICT_OBJC_MSGSEND = YES;
				ENABLE_USER_SCRIPT_SANDBOXING = YES;
				GCC_C_LANGUAGE_STANDARD = gnu17;
				GCC_DYNAMIC_NO_PIC = YES;
				GCC_NO_COMMON_BLOCKS = YES;
				GCC_WARN_64_TO_32_BIT_CONVERSION = YES;
				GCC_WARN_ABOUT_RETURN_TYPE = YES_ERROR;
				GCC_WARN_UNDECLARED_SELECTOR = YES;
				GCC_WARN_UNINITIALIZED_AUTOS = YES_AGGRESSIVE;
				GCC_WARN_UNUSED_FUNCTION = YES;
				GCC_WARN_UNUSED_VARIABLE = YES;
				IPHONEOS_DEPLOYMENT_TARGET = 16.0;
				LOCALIZATION_PREFERS_STRING_CATALOGS = YES;
				MTL_ENABLE_DEBUG_INFO = NO;
				MTL_FAST_MATH = YES;
				SDKROOT = iphoneos;
				STRING_CATALOG_GENERATE_SYMBOLS = YES;
				SWIFT_COMPILATION_MODE = wholemodule;
				VALIDATE_PRODUCT = YES;
			};
			name = Release;
		};
/* End XCBuildConfiguration section */

/* Begin XCConfigurationList section */
		320EEAFB2EAA821600E3310D /* Build configuration list for PBXNativeTarget "FIFAScheduleBuilder" */ = {
			isa = XCConfigurationList;
			buildConfigurations = (
				320EEAF52EAA821600E3310D /* Debug */,
				320EEBAE2EAA82AE00E3310D /* Debug copy */,
				320EEAF62EAA821600E3310D /* Release */,
			);
			defaultConfigurationIsVisible = 0;
			defaultConfigurationName = Release;
		};
		320EEAFC2EAA821600E3310D /* Build configuration list for PBXNativeTarget "FIFAScheduleBuilderTests" */ = {
			isa = XCConfigurationList;
			buildConfigurations = (
				320EEAF72EAA821600E3310D /* Debug */,
				320EEBAF2EAA82AE00E3310D /* Debug copy */,
				320EEAF82EAA821600E3310D /* Release */,
			);
			defaultConfigurationIsVisible = 0;
			defaultConfigurationName = Release;
		};
		320EEAFD2EAA821600E3310D /* Build configuration list for PBXNativeTarget "FIFAScheduleBuilderUITests" */ = {
			isa = XCConfigurationList;
			buildConfigurations = (
				320EEAF92EAA821600E3310D /* Debug */,
				320EEBB02EAA82AE00E3310D /* Debug copy */,
				320EEAFA2EAA821600E3310D /* Release */,
			);
			defaultConfigurationIsVisible = 0;
			defaultConfigurationName = Release;
		};
		A1000037000000000000001 /* Build configuration list for PBXProject "FIFAScheduleBuilder" */ = {
			isa = XCConfigurationList;
			buildConfigurations = (
				A1000038000000000000001 /* Debug */,
				320EEBAD2EAA82AE00E3310D /* Debug copy */,
				A1000039000000000000001 /* Release */,
			);
			defaultConfigurationIsVisible = 0;
			defaultConfigurationName = Release;
		};
/* End XCConfigurationList section */

/* Begin XCRemoteSwiftPackageReference section */
		3209416B2EB7D12D00008B47 /* XCRemoteSwiftPackageReference "firebase-ios-sdk" */ = {
			isa = XCRemoteSwiftPackageReference;
			repositoryURL = "https://github.com/firebase/firebase-ios-sdk";
			requirement = {
				kind = upToNextMajorVersion;
				minimumVersion = 12.5.0;
			};
		};
/* End XCRemoteSwiftPackageReference section */
	};
	rootObject = A1000036000000000000001 /* Project object */;
}
